
Microsoft Visual Studio Solution File, Format Version 12.00
# Visual Studio Version 16
VisualStudioVersion = 25.0.1704.0
MinimumVisualStudioVersion = 10.0.40219.1
Project("{FAE04EC0-301F-11D3-BF4B-00C04F79EFBC}") = "BinarySearchRecursion", "BinarySearchRecursion\BinarySearchRecursion.csproj", "{CEBD6CAA-94E3-49B5-8350-37468E415FA9}"
EndProject
Global
	GlobalSection(SolutionConfigurationPlatforms) = preSolution
		Debug|Any CPU = Debug|Any CPU
		Release|Any CPU = Release|Any CPU
	EndGlobalSection
	GlobalSection(ProjectConfigurationPlatforms) = postSolution
		{CEBD6CAA-94E3-49B5-8350-37468E415FA9}.Debug|Any CPU.ActiveCfg = Debug|Any CPU
		{CEBD6CAA-94E3-49B5-8350-37468E415FA9}.Debug|Any CPU.Build.0 = Debug|Any CPU
		{CEBD6CAA-94E3-49B5-8350-37468E415FA9}.Release|Any CPU.ActiveCfg = Release|Any CPU
		{CEBD6CAA-94E3-49B5-8350-37468E415FA9}.Release|Any CPU.Build.0 = Release|Any CPU
	EndGlobalSection
	GlobalSection(SolutionProperties) = preSolution
		HideSolutionNode = FALSE
	EndGlobalSection
	GlobalSection(ExtensibilityGlobals) = postSolution
		SolutionGuid = {DB3E0754-9089-4A1F-92BF-7B95434B51A6}
	EndGlobalSection
EndGlobal
